
Microsoft Visual Studio Solution File, Format Version 12.00
# Visual Studio Version 16
VisualStudioVersion = 16.0.30907.101
MinimumVisualStudioVersion = 10.0.40219.1
Project("{FAE04EC0-301F-11D3-BF4B-00C04F79EFBC}") = "DeerManager", "DeerManager\DeerManager.csproj", "{84F1E344-1B4D-46A4-9F0A-70588ACB3209}"
EndProject
Global
	GlobalSection(SolutionConfigurationPlatforms) = preSolution
		Debug|Any CPU = Debug|Any CPU
		Release|Any CPU = Release|Any CPU
	EndGlobalSection
	GlobalSection(ProjectConfigurationPlatforms) = postSolution
		{84F1E344-1B4D-46A4-9F0A-70588ACB3209}.Debug|Any CPU.ActiveCfg = Debug|Any CPU
		{84F1E344-1B4D-46A4-9F0A-70588ACB3209}.Debug|Any CPU.Build.0 = Debug|Any CPU
		{84F1E344-1B4D-46A4-9F0A-70588ACB3209}.Release|Any CPU.ActiveCfg = Release|Any CPU
		{84F1E344-1B4D-46A4-9F0A-70588ACB3209}.Release|Any CPU.Build.0 = Release|Any CPU
	EndGlobalSection
	GlobalSection(SolutionProperties) = preSolution
		HideSolutionNode = FALSE
	EndGlobalSection
	GlobalSection(ExtensibilityGlobals) = postSolution
		SolutionGuid = {8CA4E4CA-13E0-44D2-A448-832A7EB914A3}
	EndGlobalSection
EndGlobal
